
Microsoft Visual Studio Solution File, Format Version 11.00
# Visual Studio 2010
Project("{FAE04EC0-301F-11D3-BF4B-00C04F79EFBC}") = "TonSinOA", "TonSinOA\TonSinOA.csproj", "{6C288F72-7A2A-49F5-A19C-31B9514547F3}"
EndProject
Global
	GlobalSection(SolutionConfigurationPlatforms) = preSolution
		Debug|Any CPU = Debug|Any CPU
		Release|Any CPU = Release|Any CPU
	EndGlobalSection
	GlobalSection(ProjectConfigurationPlatforms) = postSolution
		{6C288F72-7A2A-49F5-A19C-31B9514547F3}.Debug|Any CPU.ActiveCfg = Debug|Any CPU
		{6C288F72-7A2A-49F5-A19C-31B9514547F3}.Debug|Any CPU.Build.0 = Debug|Any CPU
		{6C288F72-7A2A-49F5-A19C-31B9514547F3}.Release|Any CPU.ActiveCfg = Release|Any CPU
		{6C288F72-7A2A-49F5-A19C-31B9514547F3}.Release|Any CPU.Build.0 = Release|Any CPU
	EndGlobalSection
	GlobalSection(SolutionProperties) = preSolution
		HideSolutionNode = FALSE
	EndGlobalSection
	GlobalSection(ExtensibilityGlobals) = postSolution
		VisualSVNWorkingCopyRoot = .
	EndGlobalSection
EndGlobal
